// !$*UTF8*$!
{
	archiveVersion = 1;
	classes = {
	};
	objectVersion = 56;
	objects = {

/* Begin PBXBuildFile section */
		785D363729194472002FDA0D /* UIColor+Hex.swift in Sources */ = {isa = PBXBuildFile; fileRef = 785D363629194472002FDA0D /* UIColor+Hex.swift */; };
		785D364129194487002FDA0D /* Pretendard-Black.otf in Resources */ = {isa = PBXBuildFile; fileRef = 785D363829194486002FDA0D /* Pretendard-Black.otf */; };
		785D364229194487002FDA0D /* Pretendard-Regular.otf in Resources */ = {isa = PBXBuildFile; fileRef = 785D363929194486002FDA0D /* Pretendard-Regular.otf */; };
		785D364329194487002FDA0D /* Pretendard-ExtraBold.otf in Resources */ = {isa = PBXBuildFile; fileRef = 785D363A29194486002FDA0D /* Pretendard-ExtraBold.otf */; };
		785D364429194487002FDA0D /* Pretendard-Bold.otf in Resources */ = {isa = PBXBuildFile; fileRef = 785D363B29194486002FDA0D /* Pretendard-Bold.otf */; };
		785D364529194487002FDA0D /* Pretendard-SemiBold.otf in Resources */ = {isa = PBXBuildFile; fileRef = 785D363C29194486002FDA0D /* Pretendard-SemiBold.otf */; };
		785D364629194487002FDA0D /* Pretendard-Thin.otf in Resources */ = {isa = PBXBuildFile; fileRef = 785D363D29194486002FDA0D /* Pretendard-Thin.otf */; };
		785D364729194487002FDA0D /* Pretendard-Medium.otf in Resources */ = {isa = PBXBuildFile; fileRef = 785D363E29194487002FDA0D /* Pretendard-Medium.otf */; };
		785D364829194487002FDA0D /* Pretendard-ExtraLight.otf in Resources */ = {isa = PBXBuildFile; fileRef = 785D363F29194487002FDA0D /* Pretendard-ExtraLight.otf */; };
		785D364929194487002FDA0D /* Pretendard-Light.otf in Resources */ = {isa = PBXBuildFile; fileRef = 785D364029194487002FDA0D /* Pretendard-Light.otf */; };
		785D364B29194493002FDA0D /* AppDelegate.swift in Sources */ = {isa = PBXBuildFile; fileRef = 785D364A29194493002FDA0D /* AppDelegate.swift */; };
		785D364D2919449B002FDA0D /* IntroViewController.swift in Sources */ = {isa = PBXBuildFile; fileRef = 785D364C2919449B002FDA0D /* IntroViewController.swift */; };
		785D3651291944AA002FDA0D /* SceneDelegate.swift in Sources */ = {isa = PBXBuildFile; fileRef = 785D3650291944AA002FDA0D /* SceneDelegate.swift */; };
		785D3657291945A2002FDA0D /* LaunchScreen.storyboard in Resources */ = {isa = PBXBuildFile; fileRef = 785D3656291945A2002FDA0D /* LaunchScreen.storyboard */; };
		785D366429194717002FDA0D /* SnapKit in Frameworks */ = {isa = PBXBuildFile; productRef = 785D366329194717002FDA0D /* SnapKit */; };
		785D366B291949F6002FDA0D /* Assets.xcassets in Resources */ = {isa = PBXBuildFile; fileRef = 785D3652291944B4002FDA0D /* Assets.xcassets */; };
		B817A784291D0CEF00B1A020 /* Then in Frameworks */ = {isa = PBXBuildFile; productRef = B817A783291D0CEF00B1A020 /* Then */; };
		B817A793291D0FD200B1A020 /* UIView+addSubViews.swift in Sources */ = {isa = PBXBuildFile; fileRef = B817A792291D0FD200B1A020 /* UIView+addSubViews.swift */; };
		B817A795291D13D000B1A020 /* SignUpViewController.swift in Sources */ = {isa = PBXBuildFile; fileRef = B817A794291D13D000B1A020 /* SignUpViewController.swift */; };
		B817A797291D397400B1A020 /* SecondSUViewController.swift in Sources */ = {isa = PBXBuildFile; fileRef = B817A796291D397400B1A020 /* SecondSUViewController.swift */; };
		B817A799291E1EC200B1A020 /* ThirdSUViewController.swift in Sources */ = {isa = PBXBuildFile; fileRef = B817A798291E1EC200B1A020 /* ThirdSUViewController.swift */; };
/* End PBXBuildFile section */

/* Begin PBXFileReference section */
		785D363629194472002FDA0D /* UIColor+Hex.swift */ = {isa = PBXFileReference; fileEncoding = 4; lastKnownFileType = sourcecode.swift; path = "UIColor+Hex.swift"; sourceTree = "<group>"; };
		785D363829194486002FDA0D /* Pretendard-Black.otf */ = {isa = PBXFileReference; lastKnownFileType = file; path = "Pretendard-Black.otf"; sourceTree = "<group>"; };
		785D363929194486002FDA0D /* Pretendard-Regular.otf */ = {isa = PBXFileReference; lastKnownFileType = file; path = "Pretendard-Regular.otf"; sourceTree = "<group>"; };
		785D363A29194486002FDA0D /* Pretendard-ExtraBold.otf */ = {isa = PBXFileReference; lastKnownFileType = file; path = "Pretendard-ExtraBold.otf"; sourceTree = "<group>"; };
		785D363B29194486002FDA0D /* Pretendard-Bold.otf */ = {isa = PBXFileReference; lastKnownFileType = file; path = "Pretendard-Bold.otf"; sourceTree = "<group>"; };
		785D363C29194486002FDA0D /* Pretendard-SemiBold.otf */ = {isa = PBXFileReference; lastKnownFileType = file; path = "Pretendard-SemiBold.otf"; sourceTree = "<group>"; };
		785D363D29194486002FDA0D /* Pretendard-Thin.otf */ = {isa = PBXFileReference; lastKnownFileType = file; path = "Pretendard-Thin.otf"; sourceTree = "<group>"; };
		785D363E29194487002FDA0D /* Pretendard-Medium.otf */ = {isa = PBXFileReference; lastKnownFileType = file; path = "Pretendard-Medium.otf"; sourceTree = "<group>"; };
		785D363F29194487002FDA0D /* Pretendard-ExtraLight.otf */ = {isa = PBXFileReference; lastKnownFileType = file; path = "Pretendard-ExtraLight.otf"; sourceTree = "<group>"; };
		785D364029194487002FDA0D /* Pretendard-Light.otf */ = {isa = PBXFileReference; lastKnownFileType = file; path = "Pretendard-Light.otf"; sourceTree = "<group>"; };
		785D364A29194493002FDA0D /* AppDelegate.swift */ = {isa = PBXFileReference; fileEncoding = 4; lastKnownFileType = sourcecode.swift; path = AppDelegate.swift; sourceTree = "<group>"; };
		785D364C2919449B002FDA0D /* IntroViewController.swift */ = {isa = PBXFileReference; fileEncoding = 4; lastKnownFileType = sourcecode.swift; path = IntroViewController.swift; sourceTree = "<group>"; };
		785D3650291944AA002FDA0D /* SceneDelegate.swift */ = {isa = PBXFileReference; fileEncoding = 4; lastKnownFileType = sourcecode.swift; path = SceneDelegate.swift; sourceTree = "<group>"; };
		785D3652291944B4002FDA0D /* Assets.xcassets */ = {isa = PBXFileReference; lastKnownFileType = folder.assetcatalog; path = Assets.xcassets; sourceTree = "<group>"; };
		785D3656291945A2002FDA0D /* LaunchScreen.storyboard */ = {isa = PBXFileReference; fileEncoding = 4; lastKnownFileType = file.storyboard; path = LaunchScreen.storyboard; sourceTree = "<group>"; };
		785D36692919490A002FDA0D /* Info.plist */ = {isa = PBXFileReference; fileEncoding = 4; lastKnownFileType = text.plist.xml; path = Info.plist; sourceTree = "<group>"; };
		788CB93428FD45C6004C27C8 /* Hi_MSG.app */ = {isa = PBXFileReference; explicitFileType = wrapper.application; includeInIndex = 0; path = Hi_MSG.app; sourceTree = BUILT_PRODUCTS_DIR; };
		B817A792291D0FD200B1A020 /* UIView+addSubViews.swift */ = {isa = PBXFileReference; fileEncoding = 4; lastKnownFileType = sourcecode.swift; path = "UIView+addSubViews.swift"; sourceTree = "<group>"; };
		B817A794291D13D000B1A020 /* SignUpViewController.swift */ = {isa = PBXFileReference; fileEncoding = 4; lastKnownFileType = sourcecode.swift; path = SignUpViewController.swift; sourceTree = "<group>"; };
		B817A796291D397400B1A020 /* SecondSUViewController.swift */ = {isa = PBXFileReference; lastKnownFileType = sourcecode.swift; path = SecondSUViewController.swift; sourceTree = "<group>"; };
		B817A798291E1EC200B1A020 /* ThirdSUViewController.swift */ = {isa = PBXFileReference; lastKnownFileType = sourcecode.swift; path = ThirdSUViewController.swift; sourceTree = "<group>"; };
/* End PBXFileReference section */

/* Begin PBXFrameworksBuildPhase section */
		788CB93128FD45C6004C27C8 /* Frameworks */ = {
			isa = PBXFrameworksBuildPhase;
			buildActionMask = 2147483647;
			files = (
				785D366429194717002FDA0D /* SnapKit in Frameworks */,
				B817A784291D0CEF00B1A020 /* Then in Frameworks */,
			);
			runOnlyForDeploymentPostprocessing = 0;
		};
/* End PBXFrameworksBuildPhase section */

/* Begin PBXGroup section */
		785D366C29194A36002FDA0D /* signupView */ = {
			isa = PBXGroup;
			children = (
				B817A794291D13D000B1A020 /* SignUpViewController.swift */,
				B817A796291D397400B1A020 /* SecondSUViewController.swift */,
				B817A798291E1EC200B1A020 /* ThirdSUViewController.swift */,
			);
			path = signupView;
			sourceTree = "<group>";
		};
		7880D712291400AB0016B268 /* Resources */ = {
			isa = PBXGroup;
			children = (
				7880D713291400B00016B268 /* Fonts */,
			);
			path = Resources;
			sourceTree = "<group>";
		};
		7880D713291400B00016B268 /* Fonts */ = {
			isa = PBXGroup;
			children = (
				7880D714291400B40016B268 /* Pretendard */,
			);
			path = Fonts;
			sourceTree = "<group>";
		};
		7880D714291400B40016B268 /* Pretendard */ = {
			isa = PBXGroup;
			children = (
				785D363829194486002FDA0D /* Pretendard-Black.otf */,
				785D363B29194486002FDA0D /* Pretendard-Bold.otf */,
				785D363A29194486002FDA0D /* Pretendard-ExtraBold.otf */,
				785D363F29194487002FDA0D /* Pretendard-ExtraLight.otf */,
				785D364029194487002FDA0D /* Pretendard-Light.otf */,
				785D363E29194487002FDA0D /* Pretendard-Medium.otf */,
				785D363929194486002FDA0D /* Pretendard-Regular.otf */,
				785D363C29194486002FDA0D /* Pretendard-SemiBold.otf */,
				785D363D29194486002FDA0D /* Pretendard-Thin.otf */,
			);
			path = Pretendard;
			sourceTree = "<group>";
		};
		788CB92B28FD45C6004C27C8 = {
			isa = PBXGroup;
			children = (
				788CB93628FD45C6004C27C8 /* Hi_MSG */,
				788CB93528FD45C6004C27C8 /* Products */,
			);
			sourceTree = "<group>";
		};
		788CB93528FD45C6004C27C8 /* Products */ = {
			isa = PBXGroup;
			children = (
				788CB93428FD45C6004C27C8 /* Hi_MSG.app */,
			);
			name = Products;
			sourceTree = "<group>";
		};
		788CB93628FD45C6004C27C8 /* Hi_MSG */ = {
			isa = PBXGroup;
			children = (
				785D36692919490A002FDA0D /* Info.plist */,
				785D3656291945A2002FDA0D /* LaunchScreen.storyboard */,
				785D3652291944B4002FDA0D /* Assets.xcassets */,
				785D3650291944AA002FDA0D /* SceneDelegate.swift */,
				785D364C2919449B002FDA0D /* IntroViewController.swift */,
				785D366C29194A36002FDA0D /* signupView */,
				785D364A29194493002FDA0D /* AppDelegate.swift */,
				78CEAE0029140A010012E4B8 /* Extensions */,
				7880D712291400AB0016B268 /* Resources */,
			);
			path = Hi_MSG;
			sourceTree = "<group>";
		};
		78CEAE0029140A010012E4B8 /* Extensions */ = {
			isa = PBXGroup;
			children = (
				B817A78F291D0FB500B1A020 /* UIView */,
				78CEAE0129140A060012E4B8 /* UIColor */,
			);
			path = Extensions;
			sourceTree = "<group>";
		};
		78CEAE0129140A060012E4B8 /* UIColor */ = {
			isa = PBXGroup;
			children = (
				785D363629194472002FDA0D /* UIColor+Hex.swift */,
			);
			path = UIColor;
			sourceTree = "<group>";
		};
		B817A78F291D0FB500B1A020 /* UIView */ = {
			isa = PBXGroup;
			children = (
				B817A792291D0FD200B1A020 /* UIView+addSubViews.swift */,
			);
			path = UIView;
			sourceTree = "<group>";
		};
/* End PBXGroup section */

/* Begin PBXNativeTarget section */
		788CB93328FD45C6004C27C8 /* Hi_MSG */ = {
			isa = PBXNativeTarget;
			buildConfigurationList = 788CB94B28FD45C6004C27C8 /* Build configuration list for PBXNativeTarget "Hi_MSG" */;
			buildPhases = (
				788CB93028FD45C6004C27C8 /* Sources */,
				788CB93128FD45C6004C27C8 /* Frameworks */,
				788CB93228FD45C6004C27C8 /* Resources */,
			);
			buildRules = (
			);
			dependencies = (
			);
			name = Hi_MSG;
			packageProductDependencies = (
				785D366329194717002FDA0D /* SnapKit */,
				B817A783291D0CEF00B1A020 /* Then */,
			);
			productName = Hi_MSG;
			productReference = 788CB93428FD45C6004C27C8 /* Hi_MSG.app */;
			productType = "com.apple.product-type.application";
		};
/* End PBXNativeTarget section */

/* Begin PBXProject section */
		788CB92C28FD45C6004C27C8 /* Project object */ = {
			isa = PBXProject;
			attributes = {
				BuildIndependentTargetsInParallel = 1;
				LastSwiftUpdateCheck = 1400;
				LastUpgradeCheck = 1400;
				TargetAttributes = {
					788CB93328FD45C6004C27C8 = {
						CreatedOnToolsVersion = 14.0;
					};
				};
			};
			buildConfigurationList = 788CB92F28FD45C6004C27C8 /* Build configuration list for PBXProject "Hi_MSG" */;
			compatibilityVersion = "Xcode 14.0";
			developmentRegion = en;
			hasScannedForEncodings = 0;
			knownRegions = (
				en,
				Base,
			);
			mainGroup = 788CB92B28FD45C6004C27C8;
			packageReferences = (
				785D366229194717002FDA0D /* XCRemoteSwiftPackageReference "SnapKit" */,
				B817A782291D0CEF00B1A020 /* XCRemoteSwiftPackageReference "Then" */,
			);
			productRefGroup = 788CB93528FD45C6004C27C8 /* Products */;
			projectDirPath = "";
			projectRoot = "";
			targets = (
				788CB93328FD45C6004C27C8 /* Hi_MSG */,
			);
		};
/* End PBXProject section */

/* Begin PBXResourcesBuildPhase section */
		788CB93228FD45C6004C27C8 /* Resources */ = {
			isa = PBXResourcesBuildPhase;
			buildActionMask = 2147483647;
			files = (
				785D366B291949F6002FDA0D /* Assets.xcassets in Resources */,
				785D364429194487002FDA0D /* Pretendard-Bold.otf in Resources */,
				785D364829194487002FDA0D /* Pretendard-ExtraLight.otf in Resources */,
				785D364529194487002FDA0D /* Pretendard-SemiBold.otf in Resources */,
				785D364629194487002FDA0D /* Pretendard-Thin.otf in Resources */,
				785D364929194487002FDA0D /* Pretendard-Light.otf in Resources */,
				785D364229194487002FDA0D /* Pretendard-Regular.otf in Resources */,
				785D364329194487002FDA0D /* Pretendard-ExtraBold.otf in Resources */,
				785D3657291945A2002FDA0D /* LaunchScreen.storyboard in Resources */,
				785D364129194487002FDA0D /* Pretendard-Black.otf in Resources */,
				785D364729194487002FDA0D /* Pretendard-Medium.otf in Resources */,
			);
			runOnlyForDeploymentPostprocessing = 0;
		};
/* End PBXResourcesBuildPhase section */

/* Begin PBXSourcesBuildPhase section */
		788CB93028FD45C6004C27C8 /* Sources */ = {
			isa = PBXSourcesBuildPhase;
			buildActionMask = 2147483647;
			files = (
				B817A799291E1EC200B1A020 /* ThirdSUViewController.swift in Sources */,
				B817A795291D13D000B1A020 /* SignUpViewController.swift in Sources */,
				785D3651291944AA002FDA0D /* SceneDelegate.swift in Sources */,
				785D364D2919449B002FDA0D /* IntroViewController.swift in Sources */,
				B817A793291D0FD200B1A020 /* UIView+addSubViews.swift in Sources */,
				785D364B29194493002FDA0D /* AppDelegate.swift in Sources */,
				B817A797291D397400B1A020 /* SecondSUViewController.swift in Sources */,
				785D363729194472002FDA0D /* UIColor+Hex.swift in Sources */,
			);
			runOnlyForDeploymentPostprocessing = 0;
		};
/* End PBXSourcesBuildPhase section */

/* Begin XCBuildConfiguration section */
		788CB94928FD45C6004C27C8 /* Debug */ = {
			isa = XCBuildConfiguration;
			buildSettings = {
				ALWAYS_SEARCH_USER_PATHS = NO;
				CLANG_ANALYZER_NONNULL = YES;
				CLANG_ANALYZER_NUMBER_OBJECT_CONVERSION = YES_AGGRESSIVE;
				CLANG_CXX_LANGUAGE_STANDARD = "gnu++20";
				CLANG_ENABLE_MODULES = YES;
				CLANG_ENABLE_OBJC_ARC = YES;
				CLANG_ENABLE_OBJC_WEAK = YES;
				CLANG_WARN_BLOCK_CAPTURE_AUTORELEASING = YES;
				CLANG_WARN_BOOL_CONVERSION = YES;
				CLANG_WARN_COMMA = YES;
				CLANG_WARN_CONSTANT_CONVERSION = YES;
				CLANG_WARN_DEPRECATED_OBJC_IMPLEMENTATIONS = YES;
				CLANG_WARN_DIRECT_OBJC_ISA_USAGE = YES_ERROR;
				CLANG_WARN_DOCUMENTATION_COMMENTS = YES;
				CLANG_WARN_EMPTY_BODY = YES;
				CLANG_WARN_ENUM_CONVERSION = YES;
				CLANG_WARN_INFINITE_RECURSION = YES;
				CLANG_WARN_INT_CONVERSION = YES;
				CLANG_WARN_NON_LITERAL_NULL_CONVERSION = YES;
				CLANG_WARN_OBJC_IMPLICIT_RETAIN_SELF = YES;
				CLANG_WARN_OBJC_LITERAL_CONVERSION = YES;
				CLANG_WARN_OBJC_ROOT_CLASS = YES_ERROR;
				CLANG_WARN_QUOTED_INCLUDE_IN_FRAMEWORK_HEADER = YES;
				CLANG_WARN_RANGE_LOOP_ANALYSIS = YES;
				CLANG_WARN_STRICT_PROTOTYPES = YES;
				CLANG_WARN_SUSPICIOUS_MOVE = YES;
				CLANG_WARN_UNGUARDED_AVAILABILITY = YES_AGGRESSIVE;
				CLANG_WARN_UNREACHABLE_CODE = YES;
				CLANG_WARN__DUPLICATE_METHOD_MATCH = YES;
				COPY_PHASE_STRIP = NO;
				DEBUG_INFORMATION_FORMAT = dwarf;
				ENABLE_STRICT_OBJC_MSGSEND = YES;
				ENABLE_TESTABILITY = YES;
				GCC_C_LANGUAGE_STANDARD = gnu11;
				GCC_DYNAMIC_NO_PIC = NO;
				GCC_NO_COMMON_BLOCKS = YES;
				GCC_OPTIMIZATION_LEVEL = 0;
				GCC_PREPROCESSOR_DEFINITIONS = (
					"DEBUG=1",
					"$(inherited)",
				);
				GCC_WARN_64_TO_32_BIT_CONVERSION = YES;
				GCC_WARN_ABOUT_RETURN_TYPE = YES_ERROR;
				GCC_WARN_UNDECLARED_SELECTOR = YES;
				GCC_WARN_UNINITIALIZED_AUTOS = YES_AGGRESSIVE;
				GCC_WARN_UNUSED_FUNCTION = YES;
				GCC_WARN_UNUSED_VARIABLE = YES;
				IPHONEOS_DEPLOYMENT_TARGET = 16.0;
				MTL_ENABLE_DEBUG_INFO = INCLUDE_SOURCE;
				MTL_FAST_MATH = YES;
				ONLY_ACTIVE_ARCH = YES;
				SDKROOT = iphoneos;
				SWIFT_ACTIVE_COMPILATION_CONDITIONS = DEBUG;
				SWIFT_OPTIMIZATION_LEVEL = "-Onone";
			};
			name = Debug;
		};
		788CB94A28FD45C6004C27C8 /* Release */ = {
			isa = XCBuildConfiguration;
			buildSettings = {
				ALWAYS_SEARCH_USER_PATHS = NO;
				CLANG_ANALYZER_NONNULL = YES;
				CLANG_ANALYZER_NUMBER_OBJECT_CONVERSION = YES_AGGRESSIVE;
				CLANG_CXX_LANGUAGE_STANDARD = "gnu++20";
				CLANG_ENABLE_MODULES = YES;
				CLANG_ENABLE_OBJC_ARC = YES;
				CLANG_ENABLE_OBJC_WEAK = YES;
				CLANG_WARN_BLOCK_CAPTURE_AUTORELEASING = YES;
				CLANG_WARN_BOOL_CONVERSION = YES;
				CLANG_WARN_COMMA = YES;
				CLANG_WARN_CONSTANT_CONVERSION = YES;
				CLANG_WARN_DEPRECATED_OBJC_IMPLEMENTATIONS = YES;
				CLANG_WARN_DIRECT_OBJC_ISA_USAGE = YES_ERROR;
				CLANG_WARN_DOCUMENTATION_COMMENTS = YES;
				CLANG_WARN_EMPTY_BODY = YES;
				CLANG_WARN_ENUM_CONVERSION = YES;
				CLANG_WARN_INFINITE_RECURSION = YES;
				CLANG_WARN_INT_CONVERSION = YES;
				CLANG_WARN_NON_LITERAL_NULL_CONVERSION = YES;
				CLANG_WARN_OBJC_IMPLICIT_RETAIN_SELF = YES;
				CLANG_WARN_OBJC_LITERAL_CONVERSION = YES;
				CLANG_WARN_OBJC_ROOT_CLASS = YES_ERROR;
				CLANG_WARN_QUOTED_INCLUDE_IN_FRAMEWORK_HEADER = YES;
				CLANG_WARN_RANGE_LOOP_ANALYSIS = YES;
				CLANG_WARN_STRICT_PROTOTYPES = YES;
				CLANG_WARN_SUSPICIOUS_MOVE = YES;
				CLANG_WARN_UNGUARDED_AVAILABILITY = YES_AGGRESSIVE;
				CLANG_WARN_UNREACHABLE_CODE = YES;
				CLANG_WARN__DUPLICATE_METHOD_MATCH = YES;
				COPY_PHASE_STRIP = NO;
				DEBUG_INFORMATION_FORMAT = "dwarf-with-dsym";
				ENABLE_NS_ASSERTIONS = NO;
				ENABLE_STRICT_OBJC_MSGSEND = YES;
				GCC_C_LANGUAGE_STANDARD = gnu11;
				GCC_NO_COMMON_BLOCKS = YES;
				GCC_WARN_64_TO_32_BIT_CONVERSION = YES;
				GCC_WARN_ABOUT_RETURN_TYPE = YES_ERROR;
				GCC_WARN_UNDECLARED_SELECTOR = YES;
				GCC_WARN_UNINITIALIZED_AUTOS = YES_AGGRESSIVE;
				GCC_WARN_UNUSED_FUNCTION = YES;
				GCC_WARN_UNUSED_VARIABLE = YES;
				IPHONEOS_DEPLOYMENT_TARGET = 16.0;
				MTL_ENABLE_DEBUG_INFO = NO;
				MTL_FAST_MATH = YES;
				SDKROOT = iphoneos;
				SWIFT_COMPILATION_MODE = wholemodule;
				SWIFT_OPTIMIZATION_LEVEL = "-O";
				VALIDATE_PRODUCT = YES;
			};
			name = Release;
		};
		788CB94C28FD45C6004C27C8 /* Debug */ = {
			isa = XCBuildConfiguration;
			buildSettings = {
				ASSETCATALOG_COMPILER_APPICON_NAME = AppIcon;
				ASSETCATALOG_COMPILER_GLOBAL_ACCENT_COLOR_NAME = AccentColor;
				CODE_SIGN_STYLE = Automatic;
				CURRENT_PROJECT_VERSION = 1;
				DEVELOPMENT_TEAM = 5T78F59TU2;
				GENERATE_INFOPLIST_FILE = YES;
				INFOPLIST_FILE = Hi_MSG/Info.plist;
				INFOPLIST_KEY_LSApplicationCategoryType = "";
				INFOPLIST_KEY_UIApplicationSupportsIndirectInputEvents = YES;
				INFOPLIST_KEY_UILaunchStoryboardName = LaunchScreen;
				INFOPLIST_KEY_UIStatusBarStyle = "";
				INFOPLIST_KEY_UISupportedInterfaceOrientations_iPad = "UIInterfaceOrientationPortrait UIInterfaceOrientationPortraitUpsideDown UIInterfaceOrientationLandscapeLeft UIInterfaceOrientationLandscapeRight";
				INFOPLIST_KEY_UISupportedInterfaceOrientations_iPhone = "UIInterfaceOrientationPortrait UIInterfaceOrientationLandscapeLeft UIInterfaceOrientationLandscapeRight";
				LD_RUNPATH_SEARCH_PATHS = (
					"$(inherited)",
					"@executable_path/Frameworks",
				);
				MARKETING_VERSION = 1.0;
				PRODUCT_BUNDLE_IDENTIFIER = "class.Hi-MSG";
				PRODUCT_NAME = "$(TARGET_NAME)";
				SWIFT_EMIT_LOC_STRINGS = YES;
				SWIFT_VERSION = 5.0;
				TARGETED_DEVICE_FAMILY = "1,2";
			};
			name = Debug;
		};
		788CB94D28FD45C6004C27C8 /* Release */ = {
			isa = XCBuildConfiguration;
			buildSettings = {
				ASSETCATALOG_COMPILER_APPICON_NAME = AppIcon;
				ASSETCATALOG_COMPILER_GLOBAL_ACCENT_COLOR_NAME = AccentColor;
				CODE_SIGN_STYLE = Automatic;
				CURRENT_PROJECT_VERSION = 1;
				DEVELOPMENT_TEAM = 5T78F59TU2;
				GENERATE_INFOPLIST_FILE = YES;
				INFOPLIST_FILE = Hi_MSG/Info.plist;
				INFOPLIST_KEY_LSApplicationCategoryType = "";
				INFOPLIST_KEY_UIApplicationSupportsIndirectInputEvents = YES;
				INFOPLIST_KEY_UILaunchStoryboardName = LaunchScreen;
				INFOPLIST_KEY_UIStatusBarStyle = "";
				INFOPLIST_KEY_UISupportedInterfaceOrientations_iPad = "UIInterfaceOrientationPortrait UIInterfaceOrientationPortraitUpsideDown UIInterfaceOrientationLandscapeLeft UIInterfaceOrientationLandscapeRight";
				INFOPLIST_KEY_UISupportedInterfaceOrientations_iPhone = "UIInterfaceOrientationPortrait UIInterfaceOrientationLandscapeLeft UIInterfaceOrientationLandscapeRight";
				LD_RUNPATH_SEARCH_PATHS = (
					"$(inherited)",
					"@executable_path/Frameworks",
				);
				MARKETING_VERSION = 1.0;
				PRODUCT_BUNDLE_IDENTIFIER = "class.Hi-MSG";
				PRODUCT_NAME = "$(TARGET_NAME)";
				SWIFT_EMIT_LOC_STRINGS = YES;
				SWIFT_VERSION = 5.0;
				TARGETED_DEVICE_FAMILY = "1,2";
			};
			name = Release;
		};
/* End XCBuildConfiguration section */

/* Begin XCConfigurationList section */
		788CB92F28FD45C6004C27C8 /* Build configuration list for PBXProject "Hi_MSG" */ = {
			isa = XCConfigurationList;
			buildConfigurations = (
				788CB94928FD45C6004C27C8 /* Debug */,
				788CB94A28FD45C6004C27C8 /* Release */,
			);
			defaultConfigurationIsVisible = 0;
			defaultConfigurationName = Release;
		};
		788CB94B28FD45C6004C27C8 /* Build configuration list for PBXNativeTarget "Hi_MSG" */ = {
			isa = XCConfigurationList;
			buildConfigurations = (
				788CB94C28FD45C6004C27C8 /* Debug */,
				788CB94D28FD45C6004C27C8 /* Release */,
			);
			defaultConfigurationIsVisible = 0;
			defaultConfigurationName = Release;
		};
/* End XCConfigurationList section */

/* Begin XCRemoteSwiftPackageReference section */
		785D366229194717002FDA0D /* XCRemoteSwiftPackageReference "SnapKit" */ = {
			isa = XCRemoteSwiftPackageReference;
			repositoryURL = "https://github.com/SnapKit/SnapKit";
			requirement = {
				branch = develop;
				kind = branch;
			};
		};
		B817A782291D0CEF00B1A020 /* XCRemoteSwiftPackageReference "Then" */ = {
			isa = XCRemoteSwiftPackageReference;
			repositoryURL = "https://github.com/devxoul/Then";
			requirement = {
				kind = upToNextMajorVersion;
				minimumVersion = 3.0.0;
			};
		};
/* End XCRemoteSwiftPackageReference section */

/* Begin XCSwiftPackageProductDependency section */
		785D366329194717002FDA0D /* SnapKit */ = {
			isa = XCSwiftPackageProductDependency;
			package = 785D366229194717002FDA0D /* XCRemoteSwiftPackageReference "SnapKit" */;
			productName = SnapKit;
		};
		B817A783291D0CEF00B1A020 /* Then */ = {
			isa = XCSwiftPackageProductDependency;
			package = B817A782291D0CEF00B1A020 /* XCRemoteSwiftPackageReference "Then" */;
			productName = Then;
		};
/* End XCSwiftPackageProductDependency section */
	};
	rootObject = 788CB92C28FD45C6004C27C8 /* Project object */;
}
