// !$*UTF8*$!
{
	archiveVersion = 1;
	classes = {
	};
	objectVersion = 56;
	objects = {

/* Begin PBXBuildFile section */
		785D363729194472002FDA0D /* UIColor+Hex.swift in Sources */ = {isa = PBXBuildFile; fileRef = 785D363629194472002FDA0D /* UIColor+Hex.swift */; };
		785D364129194487002FDA0D /* Pretendard-Black.otf in Resources */ = {isa = PBXBuildFile; fileRef = 785D363829194486002FDA0D /* Pretendard-Black.otf */; };
		785D364229194487002FDA0D /* Pretendard-Regular.otf in Resources */ = {isa = PBXBuildFile; fileRef = 785D363929194486002FDA0D /* Pretendard-Regular.otf */; };
		785D364329194487002FDA0D /* Pretendard-ExtraBold.otf in Resources */ = {isa = PBXBuildFile; fileRef = 785D363A29194486002FDA0D /* Pretendard-ExtraBold.otf */; };
		785D364429194487002FDA0D /* Pretendard-Bold.otf in Resources */ = {isa = PBXBuildFile; fileRef = 785D363B29194486002FDA0D /* Pretendard-Bold.otf */; };
		785D364529194487002FDA0D /* Pretendard-SemiBold.otf in Resources */ = {isa = PBXBuildFile; fileRef = 785D363C29194486002FDA0D /* Pretendard-SemiBold.otf */; };
		785D364629194487002FDA0D /* Pretendard-Thin.otf in Resources */ = {isa = PBXBuildFile; fileRef = 785D363D29194486002FDA0D /* Pretendard-Thin.otf */; };
		785D364729194487002FDA0D /* Pretendard-Medium.otf in Resources */ = {isa = PBXBuildFile; fileRef = 785D363E29194487002FDA0D /* Pretendard-Medium.otf */; };
		785D364829194487002FDA0D /* Pretendard-ExtraLight.otf in Resources */ = {isa = PBXBuildFile; fileRef = 785D363F29194487002FDA0D /* Pretendard-ExtraLight.otf */; };
		785D364929194487002FDA0D /* Pretendard-Light.otf in Resources */ = {isa = PBXBuildFile; fileRef = 785D364029194487002FDA0D /* Pretendard-Light.otf */; };
		785D364B29194493002FDA0D /* AppDelegate.swift in Sources */ = {isa = PBXBuildFile; fileRef = 785D364A29194493002FDA0D /* AppDelegate.swift */; };
		785D364D2919449B002FDA0D /* IntroViewController.swift in Sources */ = {isa = PBXBuildFile; fileRef = 785D364C2919449B002FDA0D /* IntroViewController.swift */; };
		785D3651291944AA002FDA0D /* SceneDelegate.swift in Sources */ = {isa = PBXBuildFile; fileRef = 785D3650291944AA002FDA0D /* SceneDelegate.swift */; };
		785D3657291945A2002FDA0D /* LaunchScreen.storyboard in Resources */ = {isa = PBXBuildFile; fileRef = 785D3656291945A2002FDA0D /* LaunchScreen.storyboard */; };
		785D366429194717002FDA0D /* SnapKit in Frameworks */ = {isa = PBXBuildFile; productRef = 785D366329194717002FDA0D /* SnapKit */; };
		785D366B291949F6002FDA0D /* Assets.xcassets in Resources */ = {isa = PBXBuildFile; fileRef = 785D3652291944B4002FDA0D /* Assets.xcassets */; };
		B89966E92922870A000CCD11 /* Then in Frameworks */ = {isa = PBXBuildFile; productRef = B89966E82922870A000CCD11 /* Then */; };
		B89966EC29228A1D000CCD11 /* SecondSignUpViewController.swift in Sources */ = {isa = PBXBuildFile; fileRef = B89966EB29228A1D000CCD11 /* SecondSignUpViewController.swift */; };
		B89966EE29228A26000CCD11 /* ThirdSignUpViewController.swift in Sources */ = {isa = PBXBuildFile; fileRef = B89966ED29228A26000CCD11 /* ThirdSignUpViewController.swift */; };
		B89966F029228B01000CCD11 /* FirstSignUpViewController.swift in Sources */ = {isa = PBXBuildFile; fileRef = B89966EF29228B01000CCD11 /* FirstSignUpViewController.swift */; };
		B89966F2292BC72B000CCD11 /* FourthSignUpViewController.swift in Sources */ = {isa = PBXBuildFile; fileRef = B89966F1292BC72B000CCD11 /* FourthSignUpViewController.swift */; };
		EE384999291DD3BE0020B231 /* ImageSystem.swift in Sources */ = {isa = PBXBuildFile; fileRef = EE384998291DD3BE0020B231 /* ImageSystem.swift */; };
		EE38499B291DD3CD0020B231 /* FontSystem.swift in Sources */ = {isa = PBXBuildFile; fileRef = EE38499A291DD3CD0020B231 /* FontSystem.swift */; };
		EE38499D291DD3D20020B231 /* ColorSystem.swift in Sources */ = {isa = PBXBuildFile; fileRef = EE38499C291DD3D20020B231 /* ColorSystem.swift */; };
		EE3849A2291DD7500020B231 /* Image.xcassets in Resources */ = {isa = PBXBuildFile; fileRef = EE3849A1291DD7500020B231 /* Image.xcassets */; };
		EE3849A4291DD7560020B231 /* Color.xcassets in Resources */ = {isa = PBXBuildFile; fileRef = EE3849A3291DD7560020B231 /* Color.xcassets */; };
		EE3849A7291DE02C0020B231 /* UIButton+Action.swift in Sources */ = {isa = PBXBuildFile; fileRef = EE3849A6291DE02C0020B231 /* UIButton+Action.swift */; };
		EE45BEC3291DC42300736608 /* UIView+addSubViews.swift in Sources */ = {isa = PBXBuildFile; fileRef = EE45BEC2291DC42300736608 /* UIView+addSubViews.swift */; };
		EE45BED0291DC5DF00736608 /* BaseViewController.swift in Sources */ = {isa = PBXBuildFile; fileRef = EE45BECF291DC5DF00736608 /* BaseViewController.swift */; };
		EE45BED4291DCD1B00736608 /* IQKeyboardManagerSwift in Frameworks */ = {isa = PBXBuildFile; productRef = EE45BED3291DCD1B00736608 /* IQKeyboardManagerSwift */; };
/* End PBXBuildFile section */

/* Begin PBXFileReference section */
		785D363629194472002FDA0D /* UIColor+Hex.swift */ = {isa = PBXFileReference; fileEncoding = 4; lastKnownFileType = sourcecode.swift; path = "UIColor+Hex.swift"; sourceTree = "<group>"; };
		785D363829194486002FDA0D /* Pretendard-Black.otf */ = {isa = PBXFileReference; lastKnownFileType = file; path = "Pretendard-Black.otf"; sourceTree = "<group>"; };
		785D363929194486002FDA0D /* Pretendard-Regular.otf */ = {isa = PBXFileReference; lastKnownFileType = file; path = "Pretendard-Regular.otf"; sourceTree = "<group>"; };
		785D363A29194486002FDA0D /* Pretendard-ExtraBold.otf */ = {isa = PBXFileReference; lastKnownFileType = file; path = "Pretendard-ExtraBold.otf"; sourceTree = "<group>"; };
		785D363B29194486002FDA0D /* Pretendard-Bold.otf */ = {isa = PBXFileReference; lastKnownFileType = file; path = "Pretendard-Bold.otf"; sourceTree = "<group>"; };
		785D363C29194486002FDA0D /* Pretendard-SemiBold.otf */ = {isa = PBXFileReference; lastKnownFileType = file; path = "Pretendard-SemiBold.otf"; sourceTree = "<group>"; };
		785D363D29194486002FDA0D /* Pretendard-Thin.otf */ = {isa = PBXFileReference; lastKnownFileType = file; path = "Pretendard-Thin.otf"; sourceTree = "<group>"; };
		785D363E29194487002FDA0D /* Pretendard-Medium.otf */ = {isa = PBXFileReference; lastKnownFileType = file; path = "Pretendard-Medium.otf"; sourceTree = "<group>"; };
		785D363F29194487002FDA0D /* Pretendard-ExtraLight.otf */ = {isa = PBXFileReference; lastKnownFileType = file; path = "Pretendard-ExtraLight.otf"; sourceTree = "<group>"; };
		785D364029194487002FDA0D /* Pretendard-Light.otf */ = {isa = PBXFileReference; lastKnownFileType = file; path = "Pretendard-Light.otf"; sourceTree = "<group>"; };
		785D364A29194493002FDA0D /* AppDelegate.swift */ = {isa = PBXFileReference; fileEncoding = 4; lastKnownFileType = sourcecode.swift; path = AppDelegate.swift; sourceTree = "<group>"; };
		785D364C2919449B002FDA0D /* IntroViewController.swift */ = {isa = PBXFileReference; fileEncoding = 4; lastKnownFileType = sourcecode.swift; path = IntroViewController.swift; sourceTree = "<group>"; };
		785D3650291944AA002FDA0D /* SceneDelegate.swift */ = {isa = PBXFileReference; fileEncoding = 4; lastKnownFileType = sourcecode.swift; path = SceneDelegate.swift; sourceTree = "<group>"; };
		785D3652291944B4002FDA0D /* Assets.xcassets */ = {isa = PBXFileReference; lastKnownFileType = folder.assetcatalog; path = Assets.xcassets; sourceTree = "<group>"; };
		785D3656291945A2002FDA0D /* LaunchScreen.storyboard */ = {isa = PBXFileReference; fileEncoding = 4; lastKnownFileType = file.storyboard; path = LaunchScreen.storyboard; sourceTree = "<group>"; };
		785D36692919490A002FDA0D /* Info.plist */ = {isa = PBXFileReference; fileEncoding = 4; lastKnownFileType = text.plist.xml; path = Info.plist; sourceTree = "<group>"; };
		788CB93428FD45C6004C27C8 /* Hi_MSG.app */ = {isa = PBXFileReference; explicitFileType = wrapper.application; includeInIndex = 0; path = Hi_MSG.app; sourceTree = BUILT_PRODUCTS_DIR; };
		B89966EB29228A1D000CCD11 /* SecondSignUpViewController.swift */ = {isa = PBXFileReference; fileEncoding = 4; lastKnownFileType = sourcecode.swift; path = SecondSignUpViewController.swift; sourceTree = "<group>"; };
		B89966ED29228A26000CCD11 /* ThirdSignUpViewController.swift */ = {isa = PBXFileReference; fileEncoding = 4; lastKnownFileType = sourcecode.swift; path = ThirdSignUpViewController.swift; sourceTree = "<group>"; };
		B89966EF29228B01000CCD11 /* FirstSignUpViewController.swift */ = {isa = PBXFileReference; lastKnownFileType = sourcecode.swift; path = FirstSignUpViewController.swift; sourceTree = "<group>"; };
		B89966F1292BC72B000CCD11 /* FourthSignUpViewController.swift */ = {isa = PBXFileReference; lastKnownFileType = sourcecode.swift; path = FourthSignUpViewController.swift; sourceTree = "<group>"; };
		EE384998291DD3BE0020B231 /* ImageSystem.swift */ = {isa = PBXFileReference; lastKnownFileType = sourcecode.swift; path = ImageSystem.swift; sourceTree = "<group>"; };
		EE38499A291DD3CD0020B231 /* FontSystem.swift */ = {isa = PBXFileReference; lastKnownFileType = sourcecode.swift; path = FontSystem.swift; sourceTree = "<group>"; };
		EE38499C291DD3D20020B231 /* ColorSystem.swift */ = {isa = PBXFileReference; lastKnownFileType = sourcecode.swift; path = ColorSystem.swift; sourceTree = "<group>"; };
		EE3849A1291DD7500020B231 /* Image.xcassets */ = {isa = PBXFileReference; lastKnownFileType = folder.assetcatalog; path = Image.xcassets; sourceTree = "<group>"; };
		EE3849A3291DD7560020B231 /* Color.xcassets */ = {isa = PBXFileReference; lastKnownFileType = folder.assetcatalog; path = Color.xcassets; sourceTree = "<group>"; };
		EE3849A6291DE02C0020B231 /* UIButton+Action.swift */ = {isa = PBXFileReference; lastKnownFileType = sourcecode.swift; path = "UIButton+Action.swift"; sourceTree = "<group>"; };
		EE45BEC2291DC42300736608 /* UIView+addSubViews.swift */ = {isa = PBXFileReference; fileEncoding = 4; lastKnownFileType = sourcecode.swift; path = "UIView+addSubViews.swift"; sourceTree = "<group>"; };
		EE45BECF291DC5DF00736608 /* BaseViewController.swift */ = {isa = PBXFileReference; lastKnownFileType = sourcecode.swift; path = BaseViewController.swift; sourceTree = "<group>"; };
/* End PBXFileReference section */

/* Begin PBXFrameworksBuildPhase section */
		788CB93128FD45C6004C27C8 /* Frameworks */ = {
			isa = PBXFrameworksBuildPhase;
			buildActionMask = 2147483647;
			files = (
				785D366429194717002FDA0D /* SnapKit in Frameworks */,
				B89966E92922870A000CCD11 /* Then in Frameworks */,
				EE45BED4291DCD1B00736608 /* IQKeyboardManagerSwift in Frameworks */,
			);
			runOnlyForDeploymentPostprocessing = 0;
		};
/* End PBXFrameworksBuildPhase section */

/* Begin PBXGroup section */
		785D366C29194A36002FDA0D /* SignUp */ = {
			isa = PBXGroup;
			children = (
				B89966EF29228B01000CCD11 /* FirstSignUpViewController.swift */,
				B89966EB29228A1D000CCD11 /* SecondSignUpViewController.swift */,
				B89966ED29228A26000CCD11 /* ThirdSignUpViewController.swift */,
				B89966F1292BC72B000CCD11 /* FourthSignUpViewController.swift */,
			);
			path = SignUp;
			sourceTree = "<group>";
		};
		7880D712291400AB0016B268 /* Resources */ = {
			isa = PBXGroup;
			children = (
				EE3849A0291DD7350020B231 /* Asset */,
				EE38499F291DD7260020B231 /* Launch */,
				7880D713291400B00016B268 /* Fonts */,
			);
			path = Resources;
			sourceTree = "<group>";
		};
		7880D713291400B00016B268 /* Fonts */ = {
			isa = PBXGroup;
			children = (
				7880D714291400B40016B268 /* Pretendard */,
			);
			path = Fonts;
			sourceTree = "<group>";
		};
		7880D714291400B40016B268 /* Pretendard */ = {
			isa = PBXGroup;
			children = (
				785D363829194486002FDA0D /* Pretendard-Black.otf */,
				785D363B29194486002FDA0D /* Pretendard-Bold.otf */,
				785D363A29194486002FDA0D /* Pretendard-ExtraBold.otf */,
				785D363F29194487002FDA0D /* Pretendard-ExtraLight.otf */,
				785D364029194487002FDA0D /* Pretendard-Light.otf */,
				785D363E29194487002FDA0D /* Pretendard-Medium.otf */,
				785D363929194486002FDA0D /* Pretendard-Regular.otf */,
				785D363C29194486002FDA0D /* Pretendard-SemiBold.otf */,
				785D363D29194486002FDA0D /* Pretendard-Thin.otf */,
			);
			path = Pretendard;
			sourceTree = "<group>";
		};
		788CB92B28FD45C6004C27C8 = {
			isa = PBXGroup;
			children = (
				788CB93628FD45C6004C27C8 /* Hi_MSG */,
				788CB93528FD45C6004C27C8 /* Products */,
				EE384991291DCF140020B231 /* Frameworks */,
			);
			sourceTree = "<group>";
		};
		788CB93528FD45C6004C27C8 /* Products */ = {
			isa = PBXGroup;
			children = (
				788CB93428FD45C6004C27C8 /* Hi_MSG.app */,
			);
			name = Products;
			sourceTree = "<group>";
		};
		788CB93628FD45C6004C27C8 /* Hi_MSG */ = {
			isa = PBXGroup;
			children = (
				EE45BEBC291DC31800736608 /* Support */,
				EE45BEBB291DC31100736608 /* Sources */,
				7880D712291400AB0016B268 /* Resources */,
			);
			path = Hi_MSG;
			sourceTree = "<group>";
		};
		78CEAE0029140A010012E4B8 /* Utility */ = {
			isa = PBXGroup;
			children = (
				EE45BECE291DC5D600736608 /* Base */,
				EE45BEC1291DC42300736608 /* UIView */,
				78CEAE0129140A060012E4B8 /* UIColor */,
				EE3849A5291DE0150020B231 /* UIButton */,
			);
			path = Utility;
			sourceTree = "<group>";
		};
		78CEAE0129140A060012E4B8 /* UIColor */ = {
			isa = PBXGroup;
			children = (
				785D363629194472002FDA0D /* UIColor+Hex.swift */,
			);
			path = UIColor;
			sourceTree = "<group>";
		};
		EE384991291DCF140020B231 /* Frameworks */ = {
			isa = PBXGroup;
			children = (
			);
			name = Frameworks;
			sourceTree = "<group>";
		};
		EE384994291DD2F50020B231 /* DesignSystem */ = {
			isa = PBXGroup;
			children = (
				EE384997291DD3850020B231 /* Image */,
				EE384996291DD3650020B231 /* Font */,
				EE384995291DD3360020B231 /* Color */,
			);
			path = DesignSystem;
			sourceTree = "<group>";
		};
		EE384995291DD3360020B231 /* Color */ = {
			isa = PBXGroup;
			children = (
				EE38499C291DD3D20020B231 /* ColorSystem.swift */,
			);
			path = Color;
			sourceTree = "<group>";
		};
		EE384996291DD3650020B231 /* Font */ = {
			isa = PBXGroup;
			children = (
				EE38499A291DD3CD0020B231 /* FontSystem.swift */,
			);
			path = Font;
			sourceTree = "<group>";
		};
		EE384997291DD3850020B231 /* Image */ = {
			isa = PBXGroup;
			children = (
				EE384998291DD3BE0020B231 /* ImageSystem.swift */,
			);
			path = Image;
			sourceTree = "<group>";
		};
		EE38499F291DD7260020B231 /* Launch */ = {
			isa = PBXGroup;
			children = (
				785D3656291945A2002FDA0D /* LaunchScreen.storyboard */,
			);
			path = Launch;
			sourceTree = "<group>";
		};
		EE3849A0291DD7350020B231 /* Asset */ = {
			isa = PBXGroup;
			children = (
				785D3652291944B4002FDA0D /* Assets.xcassets */,
				EE3849A1291DD7500020B231 /* Image.xcassets */,
				EE3849A3291DD7560020B231 /* Color.xcassets */,
			);
			path = Asset;
			sourceTree = "<group>";
		};
		EE3849A5291DE0150020B231 /* UIButton */ = {
			isa = PBXGroup;
			children = (
				EE3849A6291DE02C0020B231 /* UIButton+Action.swift */,
			);
			path = UIButton;
			sourceTree = "<group>";
		};
		EE45BEBB291DC31100736608 /* Sources */ = {
			isa = PBXGroup;
			children = (
				EE45BEBD291DC38200736608 /* Application */,
				EE45BEBE291DC39E00736608 /* Presentation */,
				EE384994291DD2F50020B231 /* DesignSystem */,
				78CEAE0029140A010012E4B8 /* Utility */,
			);
			path = Sources;
			sourceTree = "<group>";
		};
		EE45BEBC291DC31800736608 /* Support */ = {
			isa = PBXGroup;
			children = (
				785D36692919490A002FDA0D /* Info.plist */,
			);
			path = Support;
			sourceTree = "<group>";
		};
		EE45BEBD291DC38200736608 /* Application */ = {
			isa = PBXGroup;
			children = (
				785D364A29194493002FDA0D /* AppDelegate.swift */,
				785D3650291944AA002FDA0D /* SceneDelegate.swift */,
			);
			path = Application;
			sourceTree = "<group>";
		};
		EE45BEBE291DC39E00736608 /* Presentation */ = {
			isa = PBXGroup;
			children = (
				EE45BEBF291DC3BB00736608 /* Intro */,
				785D366C29194A36002FDA0D /* SignUp */,
			);
			path = Presentation;
			sourceTree = "<group>";
		};
		EE45BEBF291DC3BB00736608 /* Intro */ = {
			isa = PBXGroup;
			children = (
				785D364C2919449B002FDA0D /* IntroViewController.swift */,
			);
			path = Intro;
			sourceTree = "<group>";
		};
		EE45BEC1291DC42300736608 /* UIView */ = {
			isa = PBXGroup;
			children = (
				EE45BEC2291DC42300736608 /* UIView+addSubViews.swift */,
			);
			path = UIView;
			sourceTree = "<group>";
		};
		EE45BECE291DC5D600736608 /* Base */ = {
			isa = PBXGroup;
			children = (
				EE45BECF291DC5DF00736608 /* BaseViewController.swift */,
			);
			path = Base;
			sourceTree = "<group>";
		};
/* End PBXGroup section */

/* Begin PBXNativeTarget section */
		788CB93328FD45C6004C27C8 /* Hi_MSG */ = {
			isa = PBXNativeTarget;
			buildConfigurationList = 788CB94B28FD45C6004C27C8 /* Build configuration list for PBXNativeTarget "Hi_MSG" */;
			buildPhases = (
				788CB93028FD45C6004C27C8 /* Sources */,
				788CB93128FD45C6004C27C8 /* Frameworks */,
				788CB93228FD45C6004C27C8 /* Resources */,
			);
			buildRules = (
			);
			dependencies = (
			);
			name = Hi_MSG;
			packageProductDependencies = (
				785D366329194717002FDA0D /* SnapKit */,
				EE45BED3291DCD1B00736608 /* IQKeyboardManagerSwift */,
				B89966E82922870A000CCD11 /* Then */,
			);
			productName = Hi_MSG;
			productReference = 788CB93428FD45C6004C27C8 /* Hi_MSG.app */;
			productType = "com.apple.product-type.application";
		};
/* End PBXNativeTarget section */

/* Begin PBXProject section */
		788CB92C28FD45C6004C27C8 /* Project object */ = {
			isa = PBXProject;
			attributes = {
				BuildIndependentTargetsInParallel = 1;
				LastSwiftUpdateCheck = 1400;
				LastUpgradeCheck = 1400;
				TargetAttributes = {
					788CB93328FD45C6004C27C8 = {
						CreatedOnToolsVersion = 14.0;
					};
				};
			};
			buildConfigurationList = 788CB92F28FD45C6004C27C8 /* Build configuration list for PBXProject "Hi_MSG" */;
			compatibilityVersion = "Xcode 14.0";
			developmentRegion = en;
			hasScannedForEncodings = 0;
			knownRegions = (
				en,
				Base,
			);
			mainGroup = 788CB92B28FD45C6004C27C8;
			packageReferences = (
				785D366229194717002FDA0D /* XCRemoteSwiftPackageReference "SnapKit" */,
				EE45BED2291DCD1B00736608 /* XCRemoteSwiftPackageReference "IQKeyboardManager" */,
				B89966E72922870A000CCD11 /* XCRemoteSwiftPackageReference "Then" */,
			);
			productRefGroup = 788CB93528FD45C6004C27C8 /* Products */;
			projectDirPath = "";
			projectRoot = "";
			targets = (
				788CB93328FD45C6004C27C8 /* Hi_MSG */,
			);
		};
/* End PBXProject section */

/* Begin PBXResourcesBuildPhase section */
		788CB93228FD45C6004C27C8 /* Resources */ = {
			isa = PBXResourcesBuildPhase;
			buildActionMask = 2147483647;
			files = (
				785D366B291949F6002FDA0D /* Assets.xcassets in Resources */,
				EE3849A2291DD7500020B231 /* Image.xcassets in Resources */,
				EE3849A4291DD7560020B231 /* Color.xcassets in Resources */,
				785D364429194487002FDA0D /* Pretendard-Bold.otf in Resources */,
				785D364829194487002FDA0D /* Pretendard-ExtraLight.otf in Resources */,
				785D364529194487002FDA0D /* Pretendard-SemiBold.otf in Resources */,
				785D364629194487002FDA0D /* Pretendard-Thin.otf in Resources */,
				785D364929194487002FDA0D /* Pretendard-Light.otf in Resources */,
				785D364229194487002FDA0D /* Pretendard-Regular.otf in Resources */,
				785D364329194487002FDA0D /* Pretendard-ExtraBold.otf in Resources */,
				785D3657291945A2002FDA0D /* LaunchScreen.storyboard in Resources */,
				785D364129194487002FDA0D /* Pretendard-Black.otf in Resources */,
				785D364729194487002FDA0D /* Pretendard-Medium.otf in Resources */,
			);
			runOnlyForDeploymentPostprocessing = 0;
		};
/* End PBXResourcesBuildPhase section */

/* Begin PBXSourcesBuildPhase section */
		788CB93028FD45C6004C27C8 /* Sources */ = {
			isa = PBXSourcesBuildPhase;
			buildActionMask = 2147483647;
			files = (
				B89966EE29228A26000CCD11 /* ThirdSignUpViewController.swift in Sources */,
				EE384999291DD3BE0020B231 /* ImageSystem.swift in Sources */,
				B89966F2292BC72B000CCD11 /* FourthSignUpViewController.swift in Sources */,
				785D3651291944AA002FDA0D /* SceneDelegate.swift in Sources */,
				EE3849A7291DE02C0020B231 /* UIButton+Action.swift in Sources */,
				785D364D2919449B002FDA0D /* IntroViewController.swift in Sources */,
				EE38499D291DD3D20020B231 /* ColorSystem.swift in Sources */,
				EE45BEC3291DC42300736608 /* UIView+addSubViews.swift in Sources */,
				EE45BED0291DC5DF00736608 /* BaseViewController.swift in Sources */,
				EE38499B291DD3CD0020B231 /* FontSystem.swift in Sources */,
				B89966EC29228A1D000CCD11 /* SecondSignUpViewController.swift in Sources */,
				785D364B29194493002FDA0D /* AppDelegate.swift in Sources */,
				B89966F029228B01000CCD11 /* FirstSignUpViewController.swift in Sources */,
				785D363729194472002FDA0D /* UIColor+Hex.swift in Sources */,
			);
			runOnlyForDeploymentPostprocessing = 0;
		};
/* End PBXSourcesBuildPhase section */

/* Begin XCBuildConfiguration section */
		788CB94928FD45C6004C27C8 /* Debug */ = {
			isa = XCBuildConfiguration;
			buildSettings = {
				ALWAYS_SEARCH_USER_PATHS = NO;
				CLANG_ANALYZER_NONNULL = YES;
				CLANG_ANALYZER_NUMBER_OBJECT_CONVERSION = YES_AGGRESSIVE;
				CLANG_CXX_LANGUAGE_STANDARD = "gnu++20";
				CLANG_ENABLE_MODULES = YES;
				CLANG_ENABLE_OBJC_ARC = YES;
				CLANG_ENABLE_OBJC_WEAK = YES;
				CLANG_WARN_BLOCK_CAPTURE_AUTORELEASING = YES;
				CLANG_WARN_BOOL_CONVERSION = YES;
				CLANG_WARN_COMMA = YES;
				CLANG_WARN_CONSTANT_CONVERSION = YES;
				CLANG_WARN_DEPRECATED_OBJC_IMPLEMENTATIONS = YES;
				CLANG_WARN_DIRECT_OBJC_ISA_USAGE = YES_ERROR;
				CLANG_WARN_DOCUMENTATION_COMMENTS = YES;
				CLANG_WARN_EMPTY_BODY = YES;
				CLANG_WARN_ENUM_CONVERSION = YES;
				CLANG_WARN_INFINITE_RECURSION = YES;
				CLANG_WARN_INT_CONVERSION = YES;
				CLANG_WARN_NON_LITERAL_NULL_CONVERSION = YES;
				CLANG_WARN_OBJC_IMPLICIT_RETAIN_SELF = YES;
				CLANG_WARN_OBJC_LITERAL_CONVERSION = YES;
				CLANG_WARN_OBJC_ROOT_CLASS = YES_ERROR;
				CLANG_WARN_QUOTED_INCLUDE_IN_FRAMEWORK_HEADER = YES;
				CLANG_WARN_RANGE_LOOP_ANALYSIS = YES;
				CLANG_WARN_STRICT_PROTOTYPES = YES;
				CLANG_WARN_SUSPICIOUS_MOVE = YES;
				CLANG_WARN_UNGUARDED_AVAILABILITY = YES_AGGRESSIVE;
				CLANG_WARN_UNREACHABLE_CODE = YES;
				CLANG_WARN__DUPLICATE_METHOD_MATCH = YES;
				COPY_PHASE_STRIP = NO;
				DEBUG_INFORMATION_FORMAT = dwarf;
				ENABLE_STRICT_OBJC_MSGSEND = YES;
				ENABLE_TESTABILITY = YES;
				GCC_C_LANGUAGE_STANDARD = gnu11;
				GCC_DYNAMIC_NO_PIC = NO;
				GCC_NO_COMMON_BLOCKS = YES;
				GCC_OPTIMIZATION_LEVEL = 0;
				GCC_PREPROCESSOR_DEFINITIONS = (
					"DEBUG=1",
					"$(inherited)",
				);
				GCC_WARN_64_TO_32_BIT_CONVERSION = YES;
				GCC_WARN_ABOUT_RETURN_TYPE = YES_ERROR;
				GCC_WARN_UNDECLARED_SELECTOR = YES;
				GCC_WARN_UNINITIALIZED_AUTOS = YES_AGGRESSIVE;
				GCC_WARN_UNUSED_FUNCTION = YES;
				GCC_WARN_UNUSED_VARIABLE = YES;
				IPHONEOS_DEPLOYMENT_TARGET = 16.0;
				MTL_ENABLE_DEBUG_INFO = INCLUDE_SOURCE;
				MTL_FAST_MATH = YES;
				ONLY_ACTIVE_ARCH = YES;
				SDKROOT = iphoneos;
				SWIFT_ACTIVE_COMPILATION_CONDITIONS = DEBUG;
				SWIFT_OPTIMIZATION_LEVEL = "-Onone";
			};
			name = Debug;
		};
		788CB94A28FD45C6004C27C8 /* Release */ = {
			isa = XCBuildConfiguration;
			buildSettings = {
				ALWAYS_SEARCH_USER_PATHS = NO;
				CLANG_ANALYZER_NONNULL = YES;
				CLANG_ANALYZER_NUMBER_OBJECT_CONVERSION = YES_AGGRESSIVE;
				CLANG_CXX_LANGUAGE_STANDARD = "gnu++20";
				CLANG_ENABLE_MODULES = YES;
				CLANG_ENABLE_OBJC_ARC = YES;
				CLANG_ENABLE_OBJC_WEAK = YES;
				CLANG_WARN_BLOCK_CAPTURE_AUTORELEASING = YES;
				CLANG_WARN_BOOL_CONVERSION = YES;
				CLANG_WARN_COMMA = YES;
				CLANG_WARN_CONSTANT_CONVERSION = YES;
				CLANG_WARN_DEPRECATED_OBJC_IMPLEMENTATIONS = YES;
				CLANG_WARN_DIRECT_OBJC_ISA_USAGE = YES_ERROR;
				CLANG_WARN_DOCUMENTATION_COMMENTS = YES;
				CLANG_WARN_EMPTY_BODY = YES;
				CLANG_WARN_ENUM_CONVERSION = YES;
				CLANG_WARN_INFINITE_RECURSION = YES;
				CLANG_WARN_INT_CONVERSION = YES;
				CLANG_WARN_NON_LITERAL_NULL_CONVERSION = YES;
				CLANG_WARN_OBJC_IMPLICIT_RETAIN_SELF = YES;
				CLANG_WARN_OBJC_LITERAL_CONVERSION = YES;
				CLANG_WARN_OBJC_ROOT_CLASS = YES_ERROR;
				CLANG_WARN_QUOTED_INCLUDE_IN_FRAMEWORK_HEADER = YES;
				CLANG_WARN_RANGE_LOOP_ANALYSIS = YES;
				CLANG_WARN_STRICT_PROTOTYPES = YES;
				CLANG_WARN_SUSPICIOUS_MOVE = YES;
				CLANG_WARN_UNGUARDED_AVAILABILITY = YES_AGGRESSIVE;
				CLANG_WARN_UNREACHABLE_CODE = YES;
				CLANG_WARN__DUPLICATE_METHOD_MATCH = YES;
				COPY_PHASE_STRIP = NO;
				DEBUG_INFORMATION_FORMAT = "dwarf-with-dsym";
				ENABLE_NS_ASSERTIONS = NO;
				ENABLE_STRICT_OBJC_MSGSEND = YES;
				GCC_C_LANGUAGE_STANDARD = gnu11;
				GCC_NO_COMMON_BLOCKS = YES;
				GCC_WARN_64_TO_32_BIT_CONVERSION = YES;
				GCC_WARN_ABOUT_RETURN_TYPE = YES_ERROR;
				GCC_WARN_UNDECLARED_SELECTOR = YES;
				GCC_WARN_UNINITIALIZED_AUTOS = YES_AGGRESSIVE;
				GCC_WARN_UNUSED_FUNCTION = YES;
				GCC_WARN_UNUSED_VARIABLE = YES;
				IPHONEOS_DEPLOYMENT_TARGET = 16.0;
				MTL_ENABLE_DEBUG_INFO = NO;
				MTL_FAST_MATH = YES;
				SDKROOT = iphoneos;
				SWIFT_COMPILATION_MODE = wholemodule;
				SWIFT_OPTIMIZATION_LEVEL = "-O";
				VALIDATE_PRODUCT = YES;
			};
			name = Release;
		};
		788CB94C28FD45C6004C27C8 /* Debug */ = {
			isa = XCBuildConfiguration;
			buildSettings = {
				ASSETCATALOG_COMPILER_APPICON_NAME = AppIcon;
				ASSETCATALOG_COMPILER_GLOBAL_ACCENT_COLOR_NAME = AccentColor;
				CODE_SIGN_STYLE = Automatic;
				CURRENT_PROJECT_VERSION = 1;
				DEVELOPMENT_TEAM = 5T78F59TU2;
				GENERATE_INFOPLIST_FILE = YES;
				INFOPLIST_FILE = Hi_MSG/Support/Info.plist;
				INFOPLIST_KEY_LSApplicationCategoryType = "";
				INFOPLIST_KEY_UIApplicationSupportsIndirectInputEvents = YES;
				INFOPLIST_KEY_UILaunchStoryboardName = LaunchScreen;
				INFOPLIST_KEY_UIStatusBarStyle = "";
				INFOPLIST_KEY_UISupportedInterfaceOrientations_iPad = "UIInterfaceOrientationPortrait UIInterfaceOrientationPortraitUpsideDown UIInterfaceOrientationLandscapeLeft UIInterfaceOrientationLandscapeRight";
				INFOPLIST_KEY_UISupportedInterfaceOrientations_iPhone = "UIInterfaceOrientationPortrait UIInterfaceOrientationLandscapeLeft UIInterfaceOrientationLandscapeRight";
				LD_RUNPATH_SEARCH_PATHS = (
					"$(inherited)",
					"@executable_path/Frameworks",
				);
				MARKETING_VERSION = 1.0;
				PRODUCT_BUNDLE_IDENTIFIER = "class.Hi-MSG";
				PRODUCT_NAME = "$(TARGET_NAME)";
				SWIFT_EMIT_LOC_STRINGS = YES;
				SWIFT_VERSION = 5.0;
				TARGETED_DEVICE_FAMILY = "1,2";
			};
			name = Debug;
		};
		788CB94D28FD45C6004C27C8 /* Release */ = {
			isa = XCBuildConfiguration;
			buildSettings = {
				ASSETCATALOG_COMPILER_APPICON_NAME = AppIcon;
				ASSETCATALOG_COMPILER_GLOBAL_ACCENT_COLOR_NAME = AccentColor;
				CODE_SIGN_STYLE = Automatic;
				CURRENT_PROJECT_VERSION = 1;
				DEVELOPMENT_TEAM = 5T78F59TU2;
				GENERATE_INFOPLIST_FILE = YES;
				INFOPLIST_FILE = Hi_MSG/Support/Info.plist;
				INFOPLIST_KEY_LSApplicationCategoryType = "";
				INFOPLIST_KEY_UIApplicationSupportsIndirectInputEvents = YES;
				INFOPLIST_KEY_UILaunchStoryboardName = LaunchScreen;
				INFOPLIST_KEY_UIStatusBarStyle = "";
				INFOPLIST_KEY_UISupportedInterfaceOrientations_iPad = "UIInterfaceOrientationPortrait UIInterfaceOrientationPortraitUpsideDown UIInterfaceOrientationLandscapeLeft UIInterfaceOrientationLandscapeRight";
				INFOPLIST_KEY_UISupportedInterfaceOrientations_iPhone = "UIInterfaceOrientationPortrait UIInterfaceOrientationLandscapeLeft UIInterfaceOrientationLandscapeRight";
				LD_RUNPATH_SEARCH_PATHS = (
					"$(inherited)",
					"@executable_path/Frameworks",
				);
				MARKETING_VERSION = 1.0;
				PRODUCT_BUNDLE_IDENTIFIER = "class.Hi-MSG";
				PRODUCT_NAME = "$(TARGET_NAME)";
				SWIFT_EMIT_LOC_STRINGS = YES;
				SWIFT_VERSION = 5.0;
				TARGETED_DEVICE_FAMILY = "1,2";
			};
			name = Release;
		};
/* End XCBuildConfiguration section */

/* Begin XCConfigurationList section */
		788CB92F28FD45C6004C27C8 /* Build configuration list for PBXProject "Hi_MSG" */ = {
			isa = XCConfigurationList;
			buildConfigurations = (
				788CB94928FD45C6004C27C8 /* Debug */,
				788CB94A28FD45C6004C27C8 /* Release */,
			);
			defaultConfigurationIsVisible = 0;
			defaultConfigurationName = Release;
		};
		788CB94B28FD45C6004C27C8 /* Build configuration list for PBXNativeTarget "Hi_MSG" */ = {
			isa = XCConfigurationList;
			buildConfigurations = (
				788CB94C28FD45C6004C27C8 /* Debug */,
				788CB94D28FD45C6004C27C8 /* Release */,
			);
			defaultConfigurationIsVisible = 0;
			defaultConfigurationName = Release;
		};
/* End XCConfigurationList section */

/* Begin XCRemoteSwiftPackageReference section */
		785D366229194717002FDA0D /* XCRemoteSwiftPackageReference "SnapKit" */ = {
			isa = XCRemoteSwiftPackageReference;
			repositoryURL = "https://github.com/SnapKit/SnapKit";
			requirement = {
				branch = develop;
				kind = branch;
			};
		};
		B89966E72922870A000CCD11 /* XCRemoteSwiftPackageReference "Then" */ = {
			isa = XCRemoteSwiftPackageReference;
			repositoryURL = "https://github.com/devxoul/Then";
			requirement = {
				branch = master;
				kind = branch;
			};
		};
		EE45BED2291DCD1B00736608 /* XCRemoteSwiftPackageReference "IQKeyboardManager" */ = {
			isa = XCRemoteSwiftPackageReference;
			repositoryURL = "https://github.com/hackiftekhar/IQKeyboardManager";
			requirement = {
				branch = master;
				kind = branch;
			};
		};
/* End XCRemoteSwiftPackageReference section */

/* Begin XCSwiftPackageProductDependency section */
		785D366329194717002FDA0D /* SnapKit */ = {
			isa = XCSwiftPackageProductDependency;
			package = 785D366229194717002FDA0D /* XCRemoteSwiftPackageReference "SnapKit" */;
			productName = SnapKit;
		};
		B89966E82922870A000CCD11 /* Then */ = {
			isa = XCSwiftPackageProductDependency;
			package = B89966E72922870A000CCD11 /* XCRemoteSwiftPackageReference "Then" */;
			productName = Then;
		};
		EE45BED3291DCD1B00736608 /* IQKeyboardManagerSwift */ = {
			isa = XCSwiftPackageProductDependency;
			package = EE45BED2291DCD1B00736608 /* XCRemoteSwiftPackageReference "IQKeyboardManager" */;
			productName = IQKeyboardManagerSwift;
		};
/* End XCSwiftPackageProductDependency section */
	};
	rootObject = 788CB92C28FD45C6004C27C8 /* Project object */;
}
